
Microsoft Visual Studio Solution File, Format Version 12.00
# Visual Studio Version 17
VisualStudioVersion = 17.5.33414.496
MinimumVisualStudioVersion = 10.0.40219.1
Project("{8BC9CEB8-8B4A-11D0-8D11-00A0C91BC942}") = "Physics", "Physics.vcxproj", "{0628B589-5BD1-4A51-BC9F-9D0F6CC8883C}"
EndProject
Global
	GlobalSection(SolutionConfigurationPlatforms) = preSolution
		Debug|x64 = Debug|x64
		Debug|x86 = Debug|x86
		Release|x64 = Release|x64
		Release|x86 = Release|x86
	EndGlobalSection
	GlobalSection(ProjectConfigurationPlatforms) = postSolution
		{0628B589-5BD1-4A51-BC9F-9D0F6CC8883C}.Debug|x64.ActiveCfg = Debug|x64
		{0628B589-5BD1-4A51-BC9F-9D0F6CC8883C}.Debug|x64.Build.0 = Debug|x64
		{0628B589-5BD1-4A51-BC9F-9D0F6CC8883C}.Debug|x86.ActiveCfg = Debug|Win32
		{0628B589-5BD1-4A51-BC9F-9D0F6CC8883C}.Debug|x86.Build.0 = Debug|Win32
		{0628B589-5BD1-4A51-BC9F-9D0F6CC8883C}.Release|x64.ActiveCfg = Release|x64
		{0628B589-5BD1-4A51-BC9F-9D0F6CC8883C}.Release|x64.Build.0 = Release|x64
		{0628B589-5BD1-4A51-BC9F-9D0F6CC8883C}.Release|x86.ActiveCfg = Release|Win32
		{0628B589-5BD1-4A51-BC9F-9D0F6CC8883C}.Release|x86.Build.0 = Release|Win32
	EndGlobalSection
	GlobalSection(SolutionProperties) = preSolution
		HideSolutionNode = FALSE
	EndGlobalSection
	GlobalSection(ExtensibilityGlobals) = postSolution
		SolutionGuid = {8F0C10B3-AD01-4790-87A3-276BEAA88C12}
	EndGlobalSection
EndGlobal
