<?xml version="1.0" encoding="utf-8"?>
<Project ToolsVersion="4.0" xmlns="http://schemas.microsoft.com/developer/msbuild/2003">
  <ItemGroup>
    <Filter Include="Source Files">
      <UniqueIdentifier>{4FC737F1-C7A5-4376-A066-2A32D752A2FF}</UniqueIdentifier>
      <Extensions>cpp;c;cc;cxx;c++;cppm;ixx;def;odl;idl;hpj;bat;asm;asmx</Extensions>
    </Filter>
    <Filter Include="Source Files\Engine">
      <UniqueIdentifier>{90641295-af84-4be2-8c1d-b4ed9294346a}</UniqueIdentifier>
    </Filter>
    <Filter Include="Source Files\Tests">
      <UniqueIdentifier>{1122041c-e273-4772-b3b8-25260d0fa440}</UniqueIdentifier>
    </Filter>
    <Filter Include="Source Files\Physics">
      <UniqueIdentifier>{2d72a712-afec-4e53-8b59-77aeedd58f0a}</UniqueIdentifier>
    </Filter>
  </ItemGroup>
  <ItemGroup>
    <ClCompile Include="Main.cpp">
      <Filter>Source Files</Filter>
    </ClCompile>
    <ClCompile Include="Physics\AreaForce.cpp">
      <Filter>Source Files\Physics</Filter>
    </ClCompile>
    <ClCompile Include="Physics\DragForce.cpp">
      <Filter>Source Files\Physics</Filter>
    </ClCompile>
    <ClCompile Include="Physics\ForceGenerator.cpp">
      <Filter>Source Files\Physics</Filter>
    </ClCompile>
    <ClCompile Include="Physics\GravGenerator.cpp">
      <Filter>Source Files\Physics</Filter>
    </ClCompile>
    <ClCompile Include="Physics\Joint.cpp">
      <Filter>Source Files\Physics</Filter>
    </ClCompile>
    <ClCompile Include="Physics\PointForce.cpp">
      <Filter>Source Files\Physics</Filter>
    </ClCompile>
    <ClCompile Include="Engine\Body.cpp">
      <Filter>Source Files\Engine</Filter>
    </ClCompile>
    <ClCompile Include="Engine\Circle_Shape.cpp">
      <Filter>Source Files\Engine</Filter>
    </ClCompile>
    <ClCompile Include="Engine\Graphics.cpp">
      <Filter>Source Files\Engine</Filter>
    </ClCompile>
    <ClCompile Include="Engine\Input.cpp">
      <Filter>Source Files\Engine</Filter>
    </ClCompile>
    <ClCompile Include="Engine\Primitives.cpp">
      <Filter>Source Files\Engine</Filter>
    </ClCompile>
    <ClCompile Include="Engine\Time.cpp">
      <Filter>Source Files\Engine</Filter>
    </ClCompile>
    <ClCompile Include="Engine\World.cpp">
      <Filter>Source Files\Engine</Filter>
    </ClCompile>
    <ClCompile Include="Tests\ForceTest.cpp">
      <Filter>Source Files\Tests</Filter>
    </ClCompile>
    <ClCompile Include="Tests\JointTest.cpp">
      <Filter>Source Files\Tests</Filter>
    </ClCompile>
    <ClCompile Include="Tests\ParticleTest.cpp">
      <Filter>Source Files\Tests</Filter>
    </ClCompile>
    <ClCompile Include="Tests\Test.cpp">
      <Filter>Source Files\Tests</Filter>
    </ClCompile>
  </ItemGroup>
  <ItemGroup>
    <ClInclude Include="Physics\AreaForce.h">
      <Filter>Source Files\Physics</Filter>
    </ClInclude>
    <ClInclude Include="Physics\DragForce.h">
      <Filter>Source Files\Physics</Filter>
    </ClInclude>
    <ClInclude Include="Physics\ForceGenerator.h">
      <Filter>Source Files\Physics</Filter>
    </ClInclude>
    <ClInclude Include="Physics\GravGenerator.h">
      <Filter>Source Files\Physics</Filter>
    </ClInclude>
    <ClInclude Include="Physics\Joint.h">
      <Filter>Source Files\Physics</Filter>
    </ClInclude>
    <ClInclude Include="Physics\PointForce.h">
      <Filter>Source Files\Physics</Filter>
    </ClInclude>
    <ClInclude Include="Engine\Body.h">
      <Filter>Source Files\Engine</Filter>
    </ClInclude>
    <ClInclude Include="Engine\Circle_Shape.h">
      <Filter>Source Files\Engine</Filter>
    </ClInclude>
    <ClInclude Include="Engine\Graphics.h">
      <Filter>Source Files\Engine</Filter>
    </ClInclude>
    <ClInclude Include="Engine\Input.h">
      <Filter>Source Files\Engine</Filter>
    </ClInclude>
    <ClInclude Include="Engine\Integrator.h">
      <Filter>Source Files\Engine</Filter>
    </ClInclude>
    <ClInclude Include="Engine\Primitives.h">
      <Filter>Source Files\Engine</Filter>
    </ClInclude>
    <ClInclude Include="Engine\Random.h">
      <Filter>Source Files\Engine</Filter>
    </ClInclude>
    <ClInclude Include="Engine\Shape.h">
      <Filter>Source Files\Engine</Filter>
    </ClInclude>
    <ClInclude Include="Engine\Time.h">
      <Filter>Source Files\Engine</Filter>
    </ClInclude>
    <ClInclude Include="Engine\World.h">
      <Filter>Source Files\Engine</Filter>
    </ClInclude>
    <ClInclude Include="Tests\ForceTest.h">
      <Filter>Source Files\Tests</Filter>
    </ClInclude>
    <ClInclude Include="Tests\JointTest.h">
      <Filter>Source Files\Tests</Filter>
    </ClInclude>
    <ClInclude Include="Tests\ParticleTest.h">
      <Filter>Source Files\Tests</Filter>
    </ClInclude>
    <ClInclude Include="Tests\Test.h">
      <Filter>Source Files\Tests</Filter>
    </ClInclude>
  </ItemGroup>
</Project>